// !$*UTF8*$!
{
	archiveVersion = 1;
	classes = {
	};
	objectVersion = 77;
	objects = {

/* Begin PBXBuildFile section */
		B71FB5212EBD5DAB00EF3CF7 /* ProductKit in Frameworks */ = {isa = PBXBuildFile; productRef = B71FB5202EBD5DAB00EF3CF7 /* ProductKit */; };
		B748613F2EBD4F44005AFFC8 /* FormModule in Frameworks */ = {isa = PBXBuildFile; productRef = B748613E2EBD4F44005AFFC8 /* FormModule */; };
		B75148F92EBB518400516123 /* GoogleService-Info.plist in Resources */ = {isa = PBXBuildFile; fileRef = B75148F82EBB518400516123 /* GoogleService-Info.plist */; };
		B7E74F652EBBAB1C00FED952 /* FirebaseCore in Frameworks */ = {isa = PBXBuildFile; productRef = B7E74F642EBBAB1C00FED952 /* FirebaseCore */; };
		B7E74F672EBBAB1C00FED952 /* FirebaseRemoteConfig in Frameworks */ = {isa = PBXBuildFile; productRef = B7E74F662EBBAB1C00FED952 /* FirebaseRemoteConfig */; };
		B7E74F6A2EBBAB5700FED952 /* Kingfisher in Frameworks */ = {isa = PBXBuildFile; productRef = B7E74F692EBBAB5700FED952 /* Kingfisher */; };
/* End PBXBuildFile section */

/* Begin PBXContainerItemProxy section */
		B751489B2EBA5D8400516123 /* PBXContainerItemProxy */ = {
			isa = PBXContainerItemProxy;
			containerPortal = B75148822EBA5D8300516123 /* Project object */;
			proxyType = 1;
			remoteGlobalIDString = B75148892EBA5D8300516123;
			remoteInfo = ProductDemo;
		};
		B75148A52EBA5D8400516123 /* PBXContainerItemProxy */ = {
			isa = PBXContainerItemProxy;
			containerPortal = B75148822EBA5D8300516123 /* Project object */;
			proxyType = 1;
			remoteGlobalIDString = B75148892EBA5D8300516123;
			remoteInfo = ProductDemo;
		};
/* End PBXContainerItemProxy section */

/* Begin PBXFileReference section */
		B751488A2EBA5D8300516123 /* ProductDemo.app */ = {isa = PBXFileReference; explicitFileType = wrapper.application; includeInIndex = 0; path = ProductDemo.app; sourceTree = BUILT_PRODUCTS_DIR; };
		B751489A2EBA5D8400516123 /* ProductDemoTests.xctest */ = {isa = PBXFileReference; explicitFileType = wrapper.cfbundle; includeInIndex = 0; path = ProductDemoTests.xctest; sourceTree = BUILT_PRODUCTS_DIR; };
		B75148A42EBA5D8400516123 /* ProductDemoUITests.xctest */ = {isa = PBXFileReference; explicitFileType = wrapper.cfbundle; includeInIndex = 0; path = ProductDemoUITests.xctest; sourceTree = BUILT_PRODUCTS_DIR; };
		B75148F82EBB518400516123 /* GoogleService-Info.plist */ = {isa = PBXFileReference; lastKnownFileType = text.plist.xml; path = "GoogleService-Info.plist"; sourceTree = "<group>"; };
/* End PBXFileReference section */

/* Begin PBXFileSystemSynchronizedRootGroup section */
		B751488C2EBA5D8300516123 /* ProductDemo */ = {
			isa = PBXFileSystemSynchronizedRootGroup;
			path = ProductDemo;
			sourceTree = "<group>";
		};
		B751489D2EBA5D8400516123 /* ProductDemoTests */ = {
			isa = PBXFileSystemSynchronizedRootGroup;
			path = ProductDemoTests;
			sourceTree = "<group>";
		};
		B75148A72EBA5D8400516123 /* ProductDemoUITests */ = {
			isa = PBXFileSystemSynchronizedRootGroup;
			path = ProductDemoUITests;
			sourceTree = "<group>";
		};
/* End PBXFileSystemSynchronizedRootGroup section */

/* Begin PBXFrameworksBuildPhase section */
		B75148872EBA5D8300516123 /* Frameworks */ = {
			isa = PBXFrameworksBuildPhase;
			buildActionMask = 2147483647;
			files = (
				B71FB5212EBD5DAB00EF3CF7 /* ProductKit in Frameworks */,
				B7E74F6A2EBBAB5700FED952 /* Kingfisher in Frameworks */,
				B7E74F652EBBAB1C00FED952 /* FirebaseCore in Frameworks */,
				B748613F2EBD4F44005AFFC8 /* FormModule in Frameworks */,
				B7E74F672EBBAB1C00FED952 /* FirebaseRemoteConfig in Frameworks */,
			);
			runOnlyForDeploymentPostprocessing = 0;
		};
		B75148972EBA5D8400516123 /* Frameworks */ = {
			isa = PBXFrameworksBuildPhase;
			buildActionMask = 2147483647;
			files = (
			);
			runOnlyForDeploymentPostprocessing = 0;
		};
		B75148A12EBA5D8400516123 /* Frameworks */ = {
			isa = PBXFrameworksBuildPhase;
			buildActionMask = 2147483647;
			files = (
			);
			runOnlyForDeploymentPostprocessing = 0;
		};
/* End PBXFrameworksBuildPhase section */

/* Begin PBXGroup section */
		B75148812EBA5D8300516123 = {
			isa = PBXGroup;
			children = (
				B75148F82EBB518400516123 /* GoogleService-Info.plist */,
				B751488C2EBA5D8300516123 /* ProductDemo */,
				B751489D2EBA5D8400516123 /* ProductDemoTests */,
				B75148A72EBA5D8400516123 /* ProductDemoUITests */,
				B751488B2EBA5D8300516123 /* Products */,
			);
			sourceTree = "<group>";
		};
		B751488B2EBA5D8300516123 /* Products */ = {
			isa = PBXGroup;
			children = (
				B751488A2EBA5D8300516123 /* ProductDemo.app */,
				B751489A2EBA5D8400516123 /* ProductDemoTests.xctest */,
				B75148A42EBA5D8400516123 /* ProductDemoUITests.xctest */,
			);
			name = Products;
			sourceTree = "<group>";
		};
/* End PBXGroup section */

/* Begin PBXNativeTarget section */
		B75148892EBA5D8300516123 /* ProductDemo */ = {
			isa = PBXNativeTarget;
			buildConfigurationList = B75148AE2EBA5D8400516123 /* Build configuration list for PBXNativeTarget "ProductDemo" */;
			buildPhases = (
				B75148862EBA5D8300516123 /* Sources */,
				B75148872EBA5D8300516123 /* Frameworks */,
				B75148882EBA5D8300516123 /* Resources */,
			);
			buildRules = (
			);
			dependencies = (
			);
			fileSystemSynchronizedGroups = (
				B751488C2EBA5D8300516123 /* ProductDemo */,
			);
			name = ProductDemo;
			packageProductDependencies = (
				B7E74F642EBBAB1C00FED952 /* FirebaseCore */,
				B7E74F662EBBAB1C00FED952 /* FirebaseRemoteConfig */,
				B7E74F692EBBAB5700FED952 /* Kingfisher */,
				B748613E2EBD4F44005AFFC8 /* FormModule */,
				B71FB5202EBD5DAB00EF3CF7 /* ProductKit */,
			);
			productName = ProductDemo;
			productReference = B751488A2EBA5D8300516123 /* ProductDemo.app */;
			productType = "com.apple.product-type.application";
		};
		B75148992EBA5D8400516123 /* ProductDemoTests */ = {
			isa = PBXNativeTarget;
			buildConfigurationList = B75148B12EBA5D8400516123 /* Build configuration list for PBXNativeTarget "ProductDemoTests" */;
			buildPhases = (
				B75148962EBA5D8400516123 /* Sources */,
				B75148972EBA5D8400516123 /* Frameworks */,
				B75148982EBA5D8400516123 /* Resources */,
			);
			buildRules = (
			);
			dependencies = (
				B751489C2EBA5D8400516123 /* PBXTargetDependency */,
			);
			fileSystemSynchronizedGroups = (
				B751489D2EBA5D8400516123 /* ProductDemoTests */,
			);
			name = ProductDemoTests;
			packageProductDependencies = (
			);
			productName = ProductDemoTests;
			productReference = B751489A2EBA5D8400516123 /* ProductDemoTests.xctest */;
			productType = "com.apple.product-type.bundle.unit-test";
		};
		B75148A32EBA5D8400516123 /* ProductDemoUITests */ = {
			isa = PBXNativeTarget;
			buildConfigurationList = B75148B42EBA5D8400516123 /* Build configuration list for PBXNativeTarget "ProductDemoUITests" */;
			buildPhases = (
				B75148A02EBA5D8400516123 /* Sources */,
				B75148A12EBA5D8400516123 /* Frameworks */,
				B75148A22EBA5D8400516123 /* Resources */,
			);
			buildRules = (
			);
			dependencies = (
				B75148A62EBA5D8400516123 /* PBXTargetDependency */,
			);
			fileSystemSynchronizedGroups = (
				B75148A72EBA5D8400516123 /* ProductDemoUITests */,
			);
			name = ProductDemoUITests;
			packageProductDependencies = (
			);
			productName = ProductDemoUITests;
			productReference = B75148A42EBA5D8400516123 /* ProductDemoUITests.xctest */;
			productType = "com.apple.product-type.bundle.ui-testing";
		};
/* End PBXNativeTarget section */

/* Begin PBXProject section */
		B75148822EBA5D8300516123 /* Project object */ = {
			isa = PBXProject;
			attributes = {
				BuildIndependentTargetsInParallel = 1;
				LastSwiftUpdateCheck = 1610;
				LastUpgradeCheck = 1610;
				TargetAttributes = {
					B75148892EBA5D8300516123 = {
						CreatedOnToolsVersion = 16.1;
					};
					B75148992EBA5D8400516123 = {
						CreatedOnToolsVersion = 16.1;
						TestTargetID = B75148892EBA5D8300516123;
					};
					B75148A32EBA5D8400516123 = {
						CreatedOnToolsVersion = 16.1;
						TestTargetID = B75148892EBA5D8300516123;
					};
				};
			};
			buildConfigurationList = B75148852EBA5D8300516123 /* Build configuration list for PBXProject "ProductDemo" */;
			developmentRegion = en;
			hasScannedForEncodings = 0;
			knownRegions = (
				en,
				Base,
			);
			mainGroup = B75148812EBA5D8300516123;
			minimizedProjectReferenceProxies = 1;
			packageReferences = (
				B7E74F632EBBAB1C00FED952 /* XCRemoteSwiftPackageReference "firebase-ios-sdk" */,
				B7E74F682EBBAB5700FED952 /* XCRemoteSwiftPackageReference "Kingfisher" */,
				B748613D2EBD4F44005AFFC8 /* XCLocalSwiftPackageReference "../FormModule" */,
				B71FB51F2EBD5DAB00EF3CF7 /* XCLocalSwiftPackageReference "../ProductKit" */,
			);
			preferredProjectObjectVersion = 77;
			productRefGroup = B751488B2EBA5D8300516123 /* Products */;
			projectDirPath = "";
			projectRoot = "";
			targets = (
				B75148892EBA5D8300516123 /* ProductDemo */,
				B75148992EBA5D8400516123 /* ProductDemoTests */,
				B75148A32EBA5D8400516123 /* ProductDemoUITests */,
			);
		};
/* End PBXProject section */

/* Begin PBXResourcesBuildPhase section */
		B75148882EBA5D8300516123 /* Resources */ = {
			isa = PBXResourcesBuildPhase;
			buildActionMask = 2147483647;
			files = (
				B75148F92EBB518400516123 /* GoogleService-Info.plist in Resources */,
			);
			runOnlyForDeploymentPostprocessing = 0;
		};
		B75148982EBA5D8400516123 /* Resources */ = {
			isa = PBXResourcesBuildPhase;
			buildActionMask = 2147483647;
			files = (
			);
			runOnlyForDeploymentPostprocessing = 0;
		};
		B75148A22EBA5D8400516123 /* Resources */ = {
			isa = PBXResourcesBuildPhase;
			buildActionMask = 2147483647;
			files = (
			);
			runOnlyForDeploymentPostprocessing = 0;
		};
/* End PBXResourcesBuildPhase section */

/* Begin PBXSourcesBuildPhase section */
		B75148862EBA5D8300516123 /* Sources */ = {
			isa = PBXSourcesBuildPhase;
			buildActionMask = 2147483647;
			files = (
			);
			runOnlyForDeploymentPostprocessing = 0;
		};
		B75148962EBA5D8400516123 /* Sources */ = {
			isa = PBXSourcesBuildPhase;
			buildActionMask = 2147483647;
			files = (
			);
			runOnlyForDeploymentPostprocessing = 0;
		};
		B75148A02EBA5D8400516123 /* Sources */ = {
			isa = PBXSourcesBuildPhase;
			buildActionMask = 2147483647;
			files = (
			);
			runOnlyForDeploymentPostprocessing = 0;
		};
/* End PBXSourcesBuildPhase section */

/* Begin PBXTargetDependency section */
		B751489C2EBA5D8400516123 /* PBXTargetDependency */ = {
			isa = PBXTargetDependency;
			target = B75148892EBA5D8300516123 /* ProductDemo */;
			targetProxy = B751489B2EBA5D8400516123 /* PBXContainerItemProxy */;
		};
		B75148A62EBA5D8400516123 /* PBXTargetDependency */ = {
			isa = PBXTargetDependency;
			target = B75148892EBA5D8300516123 /* ProductDemo */;
			targetProxy = B75148A52EBA5D8400516123 /* PBXContainerItemProxy */;
		};
/* End PBXTargetDependency section */

/* Begin XCBuildConfiguration section */
		B75148AC2EBA5D8400516123 /* Debug */ = {
			isa = XCBuildConfiguration;
			buildSettings = {
				ALWAYS_SEARCH_USER_PATHS = NO;
				ASSETCATALOG_COMPILER_GENERATE_SWIFT_ASSET_SYMBOL_EXTENSIONS = YES;
				CLANG_ANALYZER_NONNULL = YES;
				CLANG_ANALYZER_NUMBER_OBJECT_CONVERSION = YES_AGGRESSIVE;
				CLANG_CXX_LANGUAGE_STANDARD = "gnu++20";
				CLANG_ENABLE_MODULES = YES;
				CLANG_ENABLE_OBJC_ARC = YES;
				CLANG_ENABLE_OBJC_WEAK = YES;
				CLANG_WARN_BLOCK_CAPTURE_AUTORELEASING = YES;
				CLANG_WARN_BOOL_CONVERSION = YES;
				CLANG_WARN_COMMA = YES;
				CLANG_WARN_CONSTANT_CONVERSION = YES;
				CLANG_WARN_DEPRECATED_OBJC_IMPLEMENTATIONS = YES;
				CLANG_WARN_DIRECT_OBJC_ISA_USAGE = YES_ERROR;
				CLANG_WARN_DOCUMENTATION_COMMENTS = YES;
				CLANG_WARN_EMPTY_BODY = YES;
				CLANG_WARN_ENUM_CONVERSION = YES;
				CLANG_WARN_INFINITE_RECURSION = YES;
				CLANG_WARN_INT_CONVERSION = YES;
				CLANG_WARN_NON_LITERAL_NULL_CONVERSION = YES;
				CLANG_WARN_OBJC_IMPLICIT_RETAIN_SELF = YES;
				CLANG_WARN_OBJC_LITERAL_CONVERSION = YES;
				CLANG_WARN_OBJC_ROOT_CLASS = YES_ERROR;
				CLANG_WARN_QUOTED_INCLUDE_IN_FRAMEWORK_HEADER = YES;
				CLANG_WARN_RANGE_LOOP_ANALYSIS = YES;
				CLANG_WARN_STRICT_PROTOTYPES = YES;
				CLANG_WARN_SUSPICIOUS_MOVE = YES;
				CLANG_WARN_UNGUARDED_AVAILABILITY = YES_AGGRESSIVE;
				CLANG_WARN_UNREACHABLE_CODE = YES;
				CLANG_WARN__DUPLICATE_METHOD_MATCH = YES;
				COPY_PHASE_STRIP = NO;
				DEBUG_INFORMATION_FORMAT = dwarf;
				ENABLE_STRICT_OBJC_MSGSEND = YES;
				ENABLE_TESTABILITY = YES;
				ENABLE_USER_SCRIPT_SANDBOXING = YES;
				GCC_C_LANGUAGE_STANDARD = gnu17;
				GCC_DYNAMIC_NO_PIC = NO;
				GCC_NO_COMMON_BLOCKS = YES;
				GCC_OPTIMIZATION_LEVEL = 0;
				GCC_PREPROCESSOR_DEFINITIONS = (
					"DEBUG=1",
					"$(inherited)",
				);
				GCC_WARN_64_TO_32_BIT_CONVERSION = YES;
				GCC_WARN_ABOUT_RETURN_TYPE = YES_ERROR;
				GCC_WARN_UNDECLARED_SELECTOR = YES;
				GCC_WARN_UNINITIALIZED_AUTOS = YES_AGGRESSIVE;
				GCC_WARN_UNUSED_FUNCTION = YES;
				GCC_WARN_UNUSED_VARIABLE = YES;
				IPHONEOS_DEPLOYMENT_TARGET = 18.1;
				LOCALIZATION_PREFERS_STRING_CATALOGS = YES;
				MTL_ENABLE_DEBUG_INFO = INCLUDE_SOURCE;
				MTL_FAST_MATH = YES;
				ONLY_ACTIVE_ARCH = YES;
				SDKROOT = iphoneos;
				SWIFT_ACTIVE_COMPILATION_CONDITIONS = "DEBUG $(inherited)";
				SWIFT_OPTIMIZATION_LEVEL = "-Onone";
			};
			name = Debug;
		};
		B75148AD2EBA5D8400516123 /* Release */ = {
			isa = XCBuildConfiguration;
			buildSettings = {
				ALWAYS_SEARCH_USER_PATHS = NO;
				ASSETCATALOG_COMPILER_GENERATE_SWIFT_ASSET_SYMBOL_EXTENSIONS = YES;
				CLANG_ANALYZER_NONNULL = YES;
				CLANG_ANALYZER_NUMBER_OBJECT_CONVERSION = YES_AGGRESSIVE;
				CLANG_CXX_LANGUAGE_STANDARD = "gnu++20";
				CLANG_ENABLE_MODULES = YES;
				CLANG_ENABLE_OBJC_ARC = YES;
				CLANG_ENABLE_OBJC_WEAK = YES;
				CLANG_WARN_BLOCK_CAPTURE_AUTORELEASING = YES;
				CLANG_WARN_BOOL_CONVERSION = YES;
				CLANG_WARN_COMMA = YES;
				CLANG_WARN_CONSTANT_CONVERSION = YES;
				CLANG_WARN_DEPRECATED_OBJC_IMPLEMENTATIONS = YES;
				CLANG_WARN_DIRECT_OBJC_ISA_USAGE = YES_ERROR;
				CLANG_WARN_DOCUMENTATION_COMMENTS = YES;
				CLANG_WARN_EMPTY_BODY = YES;
				CLANG_WARN_ENUM_CONVERSION = YES;
				CLANG_WARN_INFINITE_RECURSION = YES;
				CLANG_WARN_INT_CONVERSION = YES;
				CLANG_WARN_NON_LITERAL_NULL_CONVERSION = YES;
				CLANG_WARN_OBJC_IMPLICIT_RETAIN_SELF = YES;
				CLANG_WARN_OBJC_LITERAL_CONVERSION = YES;
				CLANG_WARN_OBJC_ROOT_CLASS = YES_ERROR;
				CLANG_WARN_QUOTED_INCLUDE_IN_FRAMEWORK_HEADER = YES;
				CLANG_WARN_RANGE_LOOP_ANALYSIS = YES;
				CLANG_WARN_STRICT_PROTOTYPES = YES;
				CLANG_WARN_SUSPICIOUS_MOVE = YES;
				CLANG_WARN_UNGUARDED_AVAILABILITY = YES_AGGRESSIVE;
				CLANG_WARN_UNREACHABLE_CODE = YES;
				CLANG_WARN__DUPLICATE_METHOD_MATCH = YES;
				COPY_PHASE_STRIP = NO;
				DEBUG_INFORMATION_FORMAT = "dwarf-with-dsym";
				ENABLE_NS_ASSERTIONS = NO;
				ENABLE_STRICT_OBJC_MSGSEND = YES;
				ENABLE_USER_SCRIPT_SANDBOXING = YES;
				GCC_C_LANGUAGE_STANDARD = gnu17;
				GCC_NO_COMMON_BLOCKS = YES;
				GCC_WARN_64_TO_32_BIT_CONVERSION = YES;
				GCC_WARN_ABOUT_RETURN_TYPE = YES_ERROR;
				GCC_WARN_UNDECLARED_SELECTOR = YES;
				GCC_WARN_UNINITIALIZED_AUTOS = YES_AGGRESSIVE;
				GCC_WARN_UNUSED_FUNCTION = YES;
				GCC_WARN_UNUSED_VARIABLE = YES;
				IPHONEOS_DEPLOYMENT_TARGET = 18.1;
				LOCALIZATION_PREFERS_STRING_CATALOGS = YES;
				MTL_ENABLE_DEBUG_INFO = NO;
				MTL_FAST_MATH = YES;
				SDKROOT = iphoneos;
				SWIFT_COMPILATION_MODE = wholemodule;
				VALIDATE_PRODUCT = YES;
			};
			name = Release;
		};
		B75148AF2EBA5D8400516123 /* Debug */ = {
			isa = XCBuildConfiguration;
			buildSettings = {
				ASSETCATALOG_COMPILER_APPICON_NAME = AppIcon;
				ASSETCATALOG_COMPILER_GLOBAL_ACCENT_COLOR_NAME = AccentColor;
				CODE_SIGN_STYLE = Automatic;
				CURRENT_PROJECT_VERSION = 1;
				DEVELOPMENT_ASSET_PATHS = "\"ProductDemo/Preview Content\"";
				DEVELOPMENT_TEAM = 9727QMSJBP;
				ENABLE_PREVIEWS = YES;
				GENERATE_INFOPLIST_FILE = YES;
				INFOPLIST_KEY_UIApplicationSceneManifest_Generation = YES;
				INFOPLIST_KEY_UIApplicationSupportsIndirectInputEvents = YES;
				INFOPLIST_KEY_UILaunchScreen_Generation = YES;
				INFOPLIST_KEY_UISupportedInterfaceOrientations_iPad = "UIInterfaceOrientationPortrait UIInterfaceOrientationPortraitUpsideDown UIInterfaceOrientationLandscapeLeft UIInterfaceOrientationLandscapeRight";
				INFOPLIST_KEY_UISupportedInterfaceOrientations_iPhone = "UIInterfaceOrientationPortrait UIInterfaceOrientationLandscapeLeft UIInterfaceOrientationLandscapeRight";
				LD_RUNPATH_SEARCH_PATHS = (
					"$(inherited)",
					"@executable_path/Frameworks",
				);
				MARKETING_VERSION = 1.0;
				PRODUCT_BUNDLE_IDENTIFIER = com.sanaz.test.ProductDemo;
				PRODUCT_NAME = "$(TARGET_NAME)";
				SWIFT_EMIT_LOC_STRINGS = YES;
				SWIFT_VERSION = 5.0;
				TARGETED_DEVICE_FAMILY = "1,2";
			};
			name = Debug;
		};
		B75148B02EBA5D8400516123 /* Release */ = {
			isa = XCBuildConfiguration;
			buildSettings = {
				ASSETCATALOG_COMPILER_APPICON_NAME = AppIcon;
				ASSETCATALOG_COMPILER_GLOBAL_ACCENT_COLOR_NAME = AccentColor;
				CODE_SIGN_STYLE = Automatic;
				CURRENT_PROJECT_VERSION = 1;
				DEVELOPMENT_ASSET_PATHS = "\"ProductDemo/Preview Content\"";
				DEVELOPMENT_TEAM = 9727QMSJBP;
				ENABLE_PREVIEWS = YES;
				GENERATE_INFOPLIST_FILE = YES;
				INFOPLIST_KEY_UIApplicationSceneManifest_Generation = YES;
				INFOPLIST_KEY_UIApplicationSupportsIndirectInputEvents = YES;
				INFOPLIST_KEY_UILaunchScreen_Generation = YES;
				INFOPLIST_KEY_UISupportedInterfaceOrientations_iPad = "UIInterfaceOrientationPortrait UIInterfaceOrientationPortraitUpsideDown UIInterfaceOrientationLandscapeLeft UIInterfaceOrientationLandscapeRight";
				INFOPLIST_KEY_UISupportedInterfaceOrientations_iPhone = "UIInterfaceOrientationPortrait UIInterfaceOrientationLandscapeLeft UIInterfaceOrientationLandscapeRight";
				LD_RUNPATH_SEARCH_PATHS = (
					"$(inherited)",
					"@executable_path/Frameworks",
				);
				MARKETING_VERSION = 1.0;
				PRODUCT_BUNDLE_IDENTIFIER = com.sanaz.test.ProductDemo;
				PRODUCT_NAME = "$(TARGET_NAME)";
				SWIFT_EMIT_LOC_STRINGS = YES;
				SWIFT_VERSION = 5.0;
				TARGETED_DEVICE_FAMILY = "1,2";
			};
			name = Release;
		};
		B75148B22EBA5D8400516123 /* Debug */ = {
			isa = XCBuildConfiguration;
			buildSettings = {
				BUNDLE_LOADER = "$(TEST_HOST)";
				CODE_SIGN_STYLE = Automatic;
				CURRENT_PROJECT_VERSION = 1;
				DEVELOPMENT_TEAM = 9727QMSJBP;
				GENERATE_INFOPLIST_FILE = YES;
				IPHONEOS_DEPLOYMENT_TARGET = 18.1;
				MARKETING_VERSION = 1.0;
				PRODUCT_BUNDLE_IDENTIFIER = com.sanaz.test.ProductDemoTests;
				PRODUCT_NAME = "$(TARGET_NAME)";
				SWIFT_EMIT_LOC_STRINGS = NO;
				SWIFT_VERSION = 5.0;
				TARGETED_DEVICE_FAMILY = "1,2";
				TEST_HOST = "$(BUILT_PRODUCTS_DIR)/ProductDemo.app/$(BUNDLE_EXECUTABLE_FOLDER_PATH)/ProductDemo";
			};
			name = Debug;
		};
		B75148B32EBA5D8400516123 /* Release */ = {
			isa = XCBuildConfiguration;
			buildSettings = {
				BUNDLE_LOADER = "$(TEST_HOST)";
				CODE_SIGN_STYLE = Automatic;
				CURRENT_PROJECT_VERSION = 1;
				DEVELOPMENT_TEAM = 9727QMSJBP;
				GENERATE_INFOPLIST_FILE = YES;
				IPHONEOS_DEPLOYMENT_TARGET = 18.1;
				MARKETING_VERSION = 1.0;
				PRODUCT_BUNDLE_IDENTIFIER = com.sanaz.test.ProductDemoTests;
				PRODUCT_NAME = "$(TARGET_NAME)";
				SWIFT_EMIT_LOC_STRINGS = NO;
				SWIFT_VERSION = 5.0;
				TARGETED_DEVICE_FAMILY = "1,2";
				TEST_HOST = "$(BUILT_PRODUCTS_DIR)/ProductDemo.app/$(BUNDLE_EXECUTABLE_FOLDER_PATH)/ProductDemo";
			};
			name = Release;
		};
		B75148B52EBA5D8400516123 /* Debug */ = {
			isa = XCBuildConfiguration;
			buildSettings = {
				CODE_SIGN_STYLE = Automatic;
				CURRENT_PROJECT_VERSION = 1;
				DEVELOPMENT_TEAM = 9727QMSJBP;
				GENERATE_INFOPLIST_FILE = YES;
				MARKETING_VERSION = 1.0;
				PRODUCT_BUNDLE_IDENTIFIER = com.sanaz.test.ProductDemoUITests;
				PRODUCT_NAME = "$(TARGET_NAME)";
				SWIFT_EMIT_LOC_STRINGS = NO;
				SWIFT_VERSION = 5.0;
				TARGETED_DEVICE_FAMILY = "1,2";
				TEST_TARGET_NAME = ProductDemo;
			};
			name = Debug;
		};
		B75148B62EBA5D8400516123 /* Release */ = {
			isa = XCBuildConfiguration;
			buildSettings = {
				CODE_SIGN_STYLE = Automatic;
				CURRENT_PROJECT_VERSION = 1;
				DEVELOPMENT_TEAM = 9727QMSJBP;
				GENERATE_INFOPLIST_FILE = YES;
				MARKETING_VERSION = 1.0;
				PRODUCT_BUNDLE_IDENTIFIER = com.sanaz.test.ProductDemoUITests;
				PRODUCT_NAME = "$(TARGET_NAME)";
				SWIFT_EMIT_LOC_STRINGS = NO;
				SWIFT_VERSION = 5.0;
				TARGETED_DEVICE_FAMILY = "1,2";
				TEST_TARGET_NAME = ProductDemo;
			};
			name = Release;
		};
/* End XCBuildConfiguration section */

/* Begin XCConfigurationList section */
		B75148852EBA5D8300516123 /* Build configuration list for PBXProject "ProductDemo" */ = {
			isa = XCConfigurationList;
			buildConfigurations = (
				B75148AC2EBA5D8400516123 /* Debug */,
				B75148AD2EBA5D8400516123 /* Release */,
			);
			defaultConfigurationIsVisible = 0;
			defaultConfigurationName = Release;
		};
		B75148AE2EBA5D8400516123 /* Build configuration list for PBXNativeTarget "ProductDemo" */ = {
			isa = XCConfigurationList;
			buildConfigurations = (
				B75148AF2EBA5D8400516123 /* Debug */,
				B75148B02EBA5D8400516123 /* Release */,
			);
			defaultConfigurationIsVisible = 0;
			defaultConfigurationName = Release;
		};
		B75148B12EBA5D8400516123 /* Build configuration list for PBXNativeTarget "ProductDemoTests" */ = {
			isa = XCConfigurationList;
			buildConfigurations = (
				B75148B22EBA5D8400516123 /* Debug */,
				B75148B32EBA5D8400516123 /* Release */,
			);
			defaultConfigurationIsVisible = 0;
			defaultConfigurationName = Release;
		};
		B75148B42EBA5D8400516123 /* Build configuration list for PBXNativeTarget "ProductDemoUITests" */ = {
			isa = XCConfigurationList;
			buildConfigurations = (
				B75148B52EBA5D8400516123 /* Debug */,
				B75148B62EBA5D8400516123 /* Release */,
			);
			defaultConfigurationIsVisible = 0;
			defaultConfigurationName = Release;
		};
/* End XCConfigurationList section */

/* Begin XCLocalSwiftPackageReference section */
		B71FB51F2EBD5DAB00EF3CF7 /* XCLocalSwiftPackageReference "../ProductKit" */ = {
			isa = XCLocalSwiftPackageReference;
			relativePath = ../ProductKit;
		};
		B748613D2EBD4F44005AFFC8 /* XCLocalSwiftPackageReference "../FormModule" */ = {
			isa = XCLocalSwiftPackageReference;
			relativePath = ../FormModule;
		};
/* End XCLocalSwiftPackageReference section */

/* Begin XCRemoteSwiftPackageReference section */
		B7E74F632EBBAB1C00FED952 /* XCRemoteSwiftPackageReference "firebase-ios-sdk" */ = {
			isa = XCRemoteSwiftPackageReference;
			repositoryURL = "https://github.com/firebase/firebase-ios-sdk";
			requirement = {
				kind = upToNextMajorVersion;
				minimumVersion = 12.5.0;
			};
		};
		B7E74F682EBBAB5700FED952 /* XCRemoteSwiftPackageReference "Kingfisher" */ = {
			isa = XCRemoteSwiftPackageReference;
			repositoryURL = "https://github.com/onevcat/Kingfisher";
			requirement = {
				kind = upToNextMajorVersion;
				minimumVersion = 8.6.1;
			};
		};
/* End XCRemoteSwiftPackageReference section */

/* Begin XCSwiftPackageProductDependency section */
		B71FB5202EBD5DAB00EF3CF7 /* ProductKit */ = {
			isa = XCSwiftPackageProductDependency;
			productName = ProductKit;
		};
		B748613E2EBD4F44005AFFC8 /* FormModule */ = {
			isa = XCSwiftPackageProductDependency;
			productName = FormModule;
		};
		B7E74F642EBBAB1C00FED952 /* FirebaseCore */ = {
			isa = XCSwiftPackageProductDependency;
			package = B7E74F632EBBAB1C00FED952 /* XCRemoteSwiftPackageReference "firebase-ios-sdk" */;
			productName = FirebaseCore;
		};
		B7E74F662EBBAB1C00FED952 /* FirebaseRemoteConfig */ = {
			isa = XCSwiftPackageProductDependency;
			package = B7E74F632EBBAB1C00FED952 /* XCRemoteSwiftPackageReference "firebase-ios-sdk" */;
			productName = FirebaseRemoteConfig;
		};
		B7E74F692EBBAB5700FED952 /* Kingfisher */ = {
			isa = XCSwiftPackageProductDependency;
			package = B7E74F682EBBAB5700FED952 /* XCRemoteSwiftPackageReference "Kingfisher" */;
			productName = Kingfisher;
		};
/* End XCSwiftPackageProductDependency section */
	};
	rootObject = B75148822EBA5D8300516123 /* Project object */;
}
